{
  "name": "eastereggs",
  "version": "1.0.0",
  "lockfileVersion": 1,
  "requires": true,
  "dependencies": {
    "easter-egg-collection": {
      "version": "1.4.56",
      "resolved": "https://registry.npmjs.org/easter-egg-collection/-/easter-egg-collection-1.4.56.tgz",
      "integrity": "sha512-6+71KcjrDcztouVVDbLBgZ1Etc+rAmyUyDSeAgqRLjRczk6VQlqTscgwHWQHO95vzacJZmc3Rp2Vrlw5RooJTQ=="
    }
  }
}
